
Microsoft Visual Studio Solution File, Format Version 12.00
# Visual Studio Version 16
VisualStudioVersion = 16.0.30413.136
MinimumVisualStudioVersion = 10.0.40219.1
Project("{FAE04EC0-301F-11D3-BF4B-00C04F79EFBC}") = "13.9", "13.9\13.9.csproj", "{8662E292-DB3D-45E6-B060-4B78B4429CCE}"
EndProject
Global
	GlobalSection(SolutionConfigurationPlatforms) = preSolution
		Debug|Any CPU = Debug|Any CPU
		Release|Any CPU = Release|Any CPU
	EndGlobalSection
	GlobalSection(ProjectConfigurationPlatforms) = postSolution
		{8662E292-DB3D-45E6-B060-4B78B4429CCE}.Debug|Any CPU.ActiveCfg = Debug|Any CPU
		{8662E292-DB3D-45E6-B060-4B78B4429CCE}.Debug|Any CPU.Build.0 = Debug|Any CPU
		{8662E292-DB3D-45E6-B060-4B78B4429CCE}.Release|Any CPU.ActiveCfg = Release|Any CPU
		{8662E292-DB3D-45E6-B060-4B78B4429CCE}.Release|Any CPU.Build.0 = Release|Any CPU
	EndGlobalSection
	GlobalSection(SolutionProperties) = preSolution
		HideSolutionNode = FALSE
	EndGlobalSection
	GlobalSection(ExtensibilityGlobals) = postSolution
		SolutionGuid = {B9F8051A-CD4B-4BE3-9994-2E6DC6ACFDD6}
	EndGlobalSection
EndGlobal
